// !$*UTF8*$!
{
	archiveVersion = 1;
	classes = {
	};
	objectVersion = 52;
	objects = {

/* Begin PBXBuildFile section */
		D062874D25C0F802007C40C7 /* MapifulApp.swift in Sources */ = {isa = PBXBuildFile; fileRef = D062874C25C0F802007C40C7 /* MapifulApp.swift */; };
		D062875125C0F803007C40C7 /* Assets.xcassets in Resources */ = {isa = PBXBuildFile; fileRef = D062875025C0F803007C40C7 /* Assets.xcassets */; };
		D062875425C0F803007C40C7 /* Preview Assets.xcassets in Resources */ = {isa = PBXBuildFile; fileRef = D062875325C0F803007C40C7 /* Preview Assets.xcassets */; };
		D062876225C0F8AA007C40C7 /* ComposableArchitecture in Frameworks */ = {isa = PBXBuildFile; productRef = D062876125C0F8AA007C40C7 /* ComposableArchitecture */; };
		D062877225C0F992007C40C7 /* AppCore.swift in Sources */ = {isa = PBXBuildFile; fileRef = D062877125C0F992007C40C7 /* AppCore.swift */; };
		D06524D125C5048D00E84471 /* RootView.swift in Sources */ = {isa = PBXBuildFile; fileRef = D06524D025C5048D00E84471 /* RootView.swift */; };
		D06524D625C649F900E84471 /* ShopCategoriesView.swift in Sources */ = {isa = PBXBuildFile; fileRef = D06524D525C649F900E84471 /* ShopCategoriesView.swift */; };
		D06524D925C64A1600E84471 /* Color+.swift in Sources */ = {isa = PBXBuildFile; fileRef = D06524D825C64A1600E84471 /* Color+.swift */; };
		D06524DD25C64AF900E84471 /* TitleText.swift in Sources */ = {isa = PBXBuildFile; fileRef = D06524DC25C64AF900E84471 /* TitleText.swift */; };
		D06524E125C64B0000E84471 /* HeaderText.swift in Sources */ = {isa = PBXBuildFile; fileRef = D06524E025C64B0000E84471 /* HeaderText.swift */; };
		D06524E425C64B0700E84471 /* BodyText.swift in Sources */ = {isa = PBXBuildFile; fileRef = D06524E325C64B0700E84471 /* BodyText.swift */; };
		D06524E825C64B3B00E84471 /* TextFormatModifier.swift in Sources */ = {isa = PBXBuildFile; fileRef = D06524E725C64B3B00E84471 /* TextFormatModifier.swift */; };
		D06524EF25C753EE00E84471 /* FormatConstants.swift in Sources */ = {isa = PBXBuildFile; fileRef = D06524EE25C753EE00E84471 /* FormatConstants.swift */; };
		D0A6749825C75933006FE398 /* Font+.swift in Sources */ = {isa = PBXBuildFile; fileRef = D0A6749725C75933006FE398 /* Font+.swift */; };
		D0A6749D25C75B95006FE398 /* HeaderText2.swift in Sources */ = {isa = PBXBuildFile; fileRef = D0A6749C25C75B95006FE398 /* HeaderText2.swift */; };
		D0A674A025C75B9C006FE398 /* HeaderText3.swift in Sources */ = {isa = PBXBuildFile; fileRef = D0A6749F25C75B9C006FE398 /* HeaderText3.swift */; };
		D0A674A325C75BA2006FE398 /* BodyText2.swift in Sources */ = {isa = PBXBuildFile; fileRef = D0A674A225C75BA2006FE398 /* BodyText2.swift */; };
		D0A674A625C75BA8006FE398 /* BodyText3.swift in Sources */ = {isa = PBXBuildFile; fileRef = D0A674A525C75BA8006FE398 /* BodyText3.swift */; };
		D0A674A925C75C9C006FE398 /* TextSizeConstants.swift in Sources */ = {isa = PBXBuildFile; fileRef = D0A674A825C75C9C006FE398 /* TextSizeConstants.swift */; };
/* End PBXBuildFile section */

/* Begin PBXFileReference section */
		D062874925C0F802007C40C7 /* Mapiful.app */ = {isa = PBXFileReference; explicitFileType = wrapper.application; includeInIndex = 0; path = Mapiful.app; sourceTree = BUILT_PRODUCTS_DIR; };
		D062874C25C0F802007C40C7 /* MapifulApp.swift */ = {isa = PBXFileReference; lastKnownFileType = sourcecode.swift; path = MapifulApp.swift; sourceTree = "<group>"; };
		D062875025C0F803007C40C7 /* Assets.xcassets */ = {isa = PBXFileReference; lastKnownFileType = folder.assetcatalog; path = Assets.xcassets; sourceTree = "<group>"; };
		D062875325C0F803007C40C7 /* Preview Assets.xcassets */ = {isa = PBXFileReference; lastKnownFileType = folder.assetcatalog; path = "Preview Assets.xcassets"; sourceTree = "<group>"; };
		D062875525C0F803007C40C7 /* Info.plist */ = {isa = PBXFileReference; lastKnownFileType = text.plist.xml; path = Info.plist; sourceTree = "<group>"; };
		D062877125C0F992007C40C7 /* AppCore.swift */ = {isa = PBXFileReference; lastKnownFileType = sourcecode.swift; path = AppCore.swift; sourceTree = "<group>"; };
		D062877925C0FE65007C40C7 /* README.md */ = {isa = PBXFileReference; lastKnownFileType = net.daringfireball.markdown; path = README.md; sourceTree = "<group>"; };
		D06524D025C5048D00E84471 /* RootView.swift */ = {isa = PBXFileReference; lastKnownFileType = sourcecode.swift; path = RootView.swift; sourceTree = "<group>"; };
		D06524D525C649F900E84471 /* ShopCategoriesView.swift */ = {isa = PBXFileReference; lastKnownFileType = sourcecode.swift; path = ShopCategoriesView.swift; sourceTree = "<group>"; };
		D06524D825C64A1600E84471 /* Color+.swift */ = {isa = PBXFileReference; lastKnownFileType = sourcecode.swift; path = "Color+.swift"; sourceTree = "<group>"; };
		D06524DC25C64AF900E84471 /* TitleText.swift */ = {isa = PBXFileReference; lastKnownFileType = sourcecode.swift; path = TitleText.swift; sourceTree = "<group>"; };
		D06524E025C64B0000E84471 /* HeaderText.swift */ = {isa = PBXFileReference; lastKnownFileType = sourcecode.swift; path = HeaderText.swift; sourceTree = "<group>"; };
		D06524E325C64B0700E84471 /* BodyText.swift */ = {isa = PBXFileReference; lastKnownFileType = sourcecode.swift; path = BodyText.swift; sourceTree = "<group>"; };
		D06524E725C64B3B00E84471 /* TextFormatModifier.swift */ = {isa = PBXFileReference; lastKnownFileType = sourcecode.swift; path = TextFormatModifier.swift; sourceTree = "<group>"; };
		D06524EE25C753EE00E84471 /* FormatConstants.swift */ = {isa = PBXFileReference; lastKnownFileType = sourcecode.swift; path = FormatConstants.swift; sourceTree = "<group>"; };
		D0A6749725C75933006FE398 /* Font+.swift */ = {isa = PBXFileReference; lastKnownFileType = sourcecode.swift; path = "Font+.swift"; sourceTree = "<group>"; };
		D0A6749C25C75B95006FE398 /* HeaderText2.swift */ = {isa = PBXFileReference; lastKnownFileType = sourcecode.swift; path = HeaderText2.swift; sourceTree = "<group>"; };
		D0A6749F25C75B9C006FE398 /* HeaderText3.swift */ = {isa = PBXFileReference; lastKnownFileType = sourcecode.swift; path = HeaderText3.swift; sourceTree = "<group>"; };
		D0A674A225C75BA2006FE398 /* BodyText2.swift */ = {isa = PBXFileReference; lastKnownFileType = sourcecode.swift; path = BodyText2.swift; sourceTree = "<group>"; };
		D0A674A525C75BA8006FE398 /* BodyText3.swift */ = {isa = PBXFileReference; lastKnownFileType = sourcecode.swift; path = BodyText3.swift; sourceTree = "<group>"; };
		D0A674A825C75C9C006FE398 /* TextSizeConstants.swift */ = {isa = PBXFileReference; lastKnownFileType = sourcecode.swift; path = TextSizeConstants.swift; sourceTree = "<group>"; };
/* End PBXFileReference section */

/* Begin PBXFrameworksBuildPhase section */
		D062874625C0F802007C40C7 /* Frameworks */ = {
			isa = PBXFrameworksBuildPhase;
			buildActionMask = 2147483647;
			files = (
				D062876225C0F8AA007C40C7 /* ComposableArchitecture in Frameworks */,
			);
			runOnlyForDeploymentPostprocessing = 0;
		};
/* End PBXFrameworksBuildPhase section */

/* Begin PBXGroup section */
		D062874025C0F802007C40C7 = {
			isa = PBXGroup;
			children = (
				D062877925C0FE65007C40C7 /* README.md */,
				D062874B25C0F802007C40C7 /* Mapiful */,
				D062874A25C0F802007C40C7 /* Products */,
			);
			sourceTree = "<group>";
		};
		D062874A25C0F802007C40C7 /* Products */ = {
			isa = PBXGroup;
			children = (
				D062874925C0F802007C40C7 /* Mapiful.app */,
			);
			name = Products;
			sourceTree = "<group>";
		};
		D062874B25C0F802007C40C7 /* Mapiful */ = {
			isa = PBXGroup;
			children = (
				D062874C25C0F802007C40C7 /* MapifulApp.swift */,
				D062875D25C0F839007C40C7 /* Core */,
				D062875C25C0F820007C40C7 /* Views */,
				D062875025C0F803007C40C7 /* Assets.xcassets */,
				D062875525C0F803007C40C7 /* Info.plist */,
				D062875225C0F803007C40C7 /* Preview Content */,
			);
			path = Mapiful;
			sourceTree = "<group>";
		};
		D062875225C0F803007C40C7 /* Preview Content */ = {
			isa = PBXGroup;
			children = (
				D062875325C0F803007C40C7 /* Preview Assets.xcassets */,
			);
			path = "Preview Content";
			sourceTree = "<group>";
		};
		D062875C25C0F820007C40C7 /* Views */ = {
			isa = PBXGroup;
			children = (
				D06524D025C5048D00E84471 /* RootView.swift */,
				D06524D425C649E300E84471 /* Shop */,
				D062876525C0F8E2007C40C7 /* Common */,
			);
			path = Views;
			sourceTree = "<group>";
		};
		D062875D25C0F839007C40C7 /* Core */ = {
			isa = PBXGroup;
			children = (
				D062877125C0F992007C40C7 /* AppCore.swift */,
			);
			path = Core;
			sourceTree = "<group>";
		};
		D062876525C0F8E2007C40C7 /* Common */ = {
			isa = PBXGroup;
			children = (
				D06524D825C64A1600E84471 /* Color+.swift */,
				D0A6749725C75933006FE398 /* Font+.swift */,
				D0A6749A25C75B51006FE398 /* Constants */,
				D06524EB25C64B6100E84471 /* Format */,
				D06524DB25C64AF000E84471 /* Text */,
			);
			path = Common;
			sourceTree = "<group>";
		};
		D06524D425C649E300E84471 /* Shop */ = {
			isa = PBXGroup;
			children = (
				D06524D525C649F900E84471 /* ShopCategoriesView.swift */,
			);
			path = Shop;
			sourceTree = "<group>";
		};
		D06524DB25C64AF000E84471 /* Text */ = {
			isa = PBXGroup;
			children = (
				D06524DC25C64AF900E84471 /* TitleText.swift */,
				D06524E025C64B0000E84471 /* HeaderText.swift */,
				D0A6749C25C75B95006FE398 /* HeaderText2.swift */,
				D0A6749F25C75B9C006FE398 /* HeaderText3.swift */,
				D06524E325C64B0700E84471 /* BodyText.swift */,
				D0A674A225C75BA2006FE398 /* BodyText2.swift */,
				D0A674A525C75BA8006FE398 /* BodyText3.swift */,
			);
			path = Text;
			sourceTree = "<group>";
		};
		D06524EB25C64B6100E84471 /* Format */ = {
			isa = PBXGroup;
			children = (
				D06524E725C64B3B00E84471 /* TextFormatModifier.swift */,
			);
			path = Format;
			sourceTree = "<group>";
		};
		D0A6749A25C75B51006FE398 /* Constants */ = {
			isa = PBXGroup;
			children = (
				D06524EE25C753EE00E84471 /* FormatConstants.swift */,
				D0A674A825C75C9C006FE398 /* TextSizeConstants.swift */,
			);
			path = Constants;
			sourceTree = "<group>";
		};
/* End PBXGroup section */

/* Begin PBXNativeTarget section */
		D062874825C0F802007C40C7 /* Mapiful */ = {
			isa = PBXNativeTarget;
			buildConfigurationList = D062875825C0F803007C40C7 /* Build configuration list for PBXNativeTarget "Mapiful" */;
			buildPhases = (
				D062874525C0F802007C40C7 /* Sources */,
				D062874625C0F802007C40C7 /* Frameworks */,
				D062874725C0F802007C40C7 /* Resources */,
			);
			buildRules = (
			);
			dependencies = (
			);
			name = Mapiful;
			packageProductDependencies = (
				D062876125C0F8AA007C40C7 /* ComposableArchitecture */,
			);
			productName = Mapiful;
			productReference = D062874925C0F802007C40C7 /* Mapiful.app */;
			productType = "com.apple.product-type.application";
		};
/* End PBXNativeTarget section */

/* Begin PBXProject section */
		D062874125C0F802007C40C7 /* Project object */ = {
			isa = PBXProject;
			attributes = {
				LastSwiftUpdateCheck = 1230;
				LastUpgradeCheck = 1230;
				TargetAttributes = {
					D062874825C0F802007C40C7 = {
						CreatedOnToolsVersion = 12.3;
					};
				};
			};
			buildConfigurationList = D062874425C0F802007C40C7 /* Build configuration list for PBXProject "Mapiful" */;
			compatibilityVersion = "Xcode 9.3";
			developmentRegion = en;
			hasScannedForEncodings = 0;
			knownRegions = (
				en,
				Base,
			);
			mainGroup = D062874025C0F802007C40C7;
			packageReferences = (
				D062876025C0F8AA007C40C7 /* XCRemoteSwiftPackageReference "swift-composable-architecture" */,
			);
			productRefGroup = D062874A25C0F802007C40C7 /* Products */;
			projectDirPath = "";
			projectRoot = "";
			targets = (
				D062874825C0F802007C40C7 /* Mapiful */,
			);
		};
/* End PBXProject section */

/* Begin PBXResourcesBuildPhase section */
		D062874725C0F802007C40C7 /* Resources */ = {
			isa = PBXResourcesBuildPhase;
			buildActionMask = 2147483647;
			files = (
				D062875425C0F803007C40C7 /* Preview Assets.xcassets in Resources */,
				D062875125C0F803007C40C7 /* Assets.xcassets in Resources */,
			);
			runOnlyForDeploymentPostprocessing = 0;
		};
/* End PBXResourcesBuildPhase section */

/* Begin PBXSourcesBuildPhase section */
		D062874525C0F802007C40C7 /* Sources */ = {
			isa = PBXSourcesBuildPhase;
			buildActionMask = 2147483647;
			files = (
				D06524D125C5048D00E84471 /* RootView.swift in Sources */,
				D0A6749825C75933006FE398 /* Font+.swift in Sources */,
				D0A674A025C75B9C006FE398 /* HeaderText3.swift in Sources */,
				D06524E125C64B0000E84471 /* HeaderText.swift in Sources */,
				D0A674A625C75BA8006FE398 /* BodyText3.swift in Sources */,
				D06524E825C64B3B00E84471 /* TextFormatModifier.swift in Sources */,
				D06524DD25C64AF900E84471 /* TitleText.swift in Sources */,
				D062874D25C0F802007C40C7 /* MapifulApp.swift in Sources */,
				D06524E425C64B0700E84471 /* BodyText.swift in Sources */,
				D06524D625C649F900E84471 /* ShopCategoriesView.swift in Sources */,
				D0A6749D25C75B95006FE398 /* HeaderText2.swift in Sources */,
				D06524EF25C753EE00E84471 /* FormatConstants.swift in Sources */,
				D0A674A325C75BA2006FE398 /* BodyText2.swift in Sources */,
				D06524D925C64A1600E84471 /* Color+.swift in Sources */,
				D062877225C0F992007C40C7 /* AppCore.swift in Sources */,
				D0A674A925C75C9C006FE398 /* TextSizeConstants.swift in Sources */,
			);
			runOnlyForDeploymentPostprocessing = 0;
		};
/* End PBXSourcesBuildPhase section */

/* Begin XCBuildConfiguration section */
		D062875625C0F803007C40C7 /* Debug */ = {
			isa = XCBuildConfiguration;
			buildSettings = {
				ALWAYS_SEARCH_USER_PATHS = NO;
				CLANG_ANALYZER_NONNULL = YES;
				CLANG_ANALYZER_NUMBER_OBJECT_CONVERSION = YES_AGGRESSIVE;
				CLANG_CXX_LANGUAGE_STANDARD = "gnu++14";
				CLANG_CXX_LIBRARY = "libc++";
				CLANG_ENABLE_MODULES = YES;
				CLANG_ENABLE_OBJC_ARC = YES;
				CLANG_ENABLE_OBJC_WEAK = YES;
				CLANG_WARN_BLOCK_CAPTURE_AUTORELEASING = YES;
				CLANG_WARN_BOOL_CONVERSION = YES;
				CLANG_WARN_COMMA = YES;
				CLANG_WARN_CONSTANT_CONVERSION = YES;
				CLANG_WARN_DEPRECATED_OBJC_IMPLEMENTATIONS = YES;
				CLANG_WARN_DIRECT_OBJC_ISA_USAGE = YES_ERROR;
				CLANG_WARN_DOCUMENTATION_COMMENTS = YES;
				CLANG_WARN_EMPTY_BODY = YES;
				CLANG_WARN_ENUM_CONVERSION = YES;
				CLANG_WARN_INFINITE_RECURSION = YES;
				CLANG_WARN_INT_CONVERSION = YES;
				CLANG_WARN_NON_LITERAL_NULL_CONVERSION = YES;
				CLANG_WARN_OBJC_IMPLICIT_RETAIN_SELF = YES;
				CLANG_WARN_OBJC_LITERAL_CONVERSION = YES;
				CLANG_WARN_OBJC_ROOT_CLASS = YES_ERROR;
				CLANG_WARN_QUOTED_INCLUDE_IN_FRAMEWORK_HEADER = YES;
				CLANG_WARN_RANGE_LOOP_ANALYSIS = YES;
				CLANG_WARN_STRICT_PROTOTYPES = YES;
				CLANG_WARN_SUSPICIOUS_MOVE = YES;
				CLANG_WARN_UNGUARDED_AVAILABILITY = YES_AGGRESSIVE;
				CLANG_WARN_UNREACHABLE_CODE = YES;
				CLANG_WARN__DUPLICATE_METHOD_MATCH = YES;
				COPY_PHASE_STRIP = NO;
				DEBUG_INFORMATION_FORMAT = dwarf;
				ENABLE_STRICT_OBJC_MSGSEND = YES;
				ENABLE_TESTABILITY = YES;
				GCC_C_LANGUAGE_STANDARD = gnu11;
				GCC_DYNAMIC_NO_PIC = NO;
				GCC_NO_COMMON_BLOCKS = YES;
				GCC_OPTIMIZATION_LEVEL = 0;
				GCC_PREPROCESSOR_DEFINITIONS = (
					"DEBUG=1",
					"$(inherited)",
				);
				GCC_WARN_64_TO_32_BIT_CONVERSION = YES;
				GCC_WARN_ABOUT_RETURN_TYPE = YES_ERROR;
				GCC_WARN_UNDECLARED_SELECTOR = YES;
				GCC_WARN_UNINITIALIZED_AUTOS = YES_AGGRESSIVE;
				GCC_WARN_UNUSED_FUNCTION = YES;
				GCC_WARN_UNUSED_VARIABLE = YES;
				IPHONEOS_DEPLOYMENT_TARGET = 14.3;
				MTL_ENABLE_DEBUG_INFO = INCLUDE_SOURCE;
				MTL_FAST_MATH = YES;
				ONLY_ACTIVE_ARCH = YES;
				SDKROOT = iphoneos;
				SWIFT_ACTIVE_COMPILATION_CONDITIONS = DEBUG;
				SWIFT_OPTIMIZATION_LEVEL = "-Onone";
			};
			name = Debug;
		};
		D062875725C0F803007C40C7 /* Release */ = {
			isa = XCBuildConfiguration;
			buildSettings = {
				ALWAYS_SEARCH_USER_PATHS = NO;
				CLANG_ANALYZER_NONNULL = YES;
				CLANG_ANALYZER_NUMBER_OBJECT_CONVERSION = YES_AGGRESSIVE;
				CLANG_CXX_LANGUAGE_STANDARD = "gnu++14";
				CLANG_CXX_LIBRARY = "libc++";
				CLANG_ENABLE_MODULES = YES;
				CLANG_ENABLE_OBJC_ARC = YES;
				CLANG_ENABLE_OBJC_WEAK = YES;
				CLANG_WARN_BLOCK_CAPTURE_AUTORELEASING = YES;
				CLANG_WARN_BOOL_CONVERSION = YES;
				CLANG_WARN_COMMA = YES;
				CLANG_WARN_CONSTANT_CONVERSION = YES;
				CLANG_WARN_DEPRECATED_OBJC_IMPLEMENTATIONS = YES;
				CLANG_WARN_DIRECT_OBJC_ISA_USAGE = YES_ERROR;
				CLANG_WARN_DOCUMENTATION_COMMENTS = YES;
				CLANG_WARN_EMPTY_BODY = YES;
				CLANG_WARN_ENUM_CONVERSION = YES;
				CLANG_WARN_INFINITE_RECURSION = YES;
				CLANG_WARN_INT_CONVERSION = YES;
				CLANG_WARN_NON_LITERAL_NULL_CONVERSION = YES;
				CLANG_WARN_OBJC_IMPLICIT_RETAIN_SELF = YES;
				CLANG_WARN_OBJC_LITERAL_CONVERSION = YES;
				CLANG_WARN_OBJC_ROOT_CLASS = YES_ERROR;
				CLANG_WARN_QUOTED_INCLUDE_IN_FRAMEWORK_HEADER = YES;
				CLANG_WARN_RANGE_LOOP_ANALYSIS = YES;
				CLANG_WARN_STRICT_PROTOTYPES = YES;
				CLANG_WARN_SUSPICIOUS_MOVE = YES;
				CLANG_WARN_UNGUARDED_AVAILABILITY = YES_AGGRESSIVE;
				CLANG_WARN_UNREACHABLE_CODE = YES;
				CLANG_WARN__DUPLICATE_METHOD_MATCH = YES;
				COPY_PHASE_STRIP = NO;
				DEBUG_INFORMATION_FORMAT = "dwarf-with-dsym";
				ENABLE_NS_ASSERTIONS = NO;
				ENABLE_STRICT_OBJC_MSGSEND = YES;
				GCC_C_LANGUAGE_STANDARD = gnu11;
				GCC_NO_COMMON_BLOCKS = YES;
				GCC_WARN_64_TO_32_BIT_CONVERSION = YES;
				GCC_WARN_ABOUT_RETURN_TYPE = YES_ERROR;
				GCC_WARN_UNDECLARED_SELECTOR = YES;
				GCC_WARN_UNINITIALIZED_AUTOS = YES_AGGRESSIVE;
				GCC_WARN_UNUSED_FUNCTION = YES;
				GCC_WARN_UNUSED_VARIABLE = YES;
				IPHONEOS_DEPLOYMENT_TARGET = 14.3;
				MTL_ENABLE_DEBUG_INFO = NO;
				MTL_FAST_MATH = YES;
				SDKROOT = iphoneos;
				SWIFT_COMPILATION_MODE = wholemodule;
				SWIFT_OPTIMIZATION_LEVEL = "-O";
				VALIDATE_PRODUCT = YES;
			};
			name = Release;
		};
		D062875925C0F803007C40C7 /* Debug */ = {
			isa = XCBuildConfiguration;
			buildSettings = {
				ASSETCATALOG_COMPILER_APPICON_NAME = AppIcon;
				ASSETCATALOG_COMPILER_GLOBAL_ACCENT_COLOR_NAME = AccentColor;
				CODE_SIGN_STYLE = Automatic;
				DEVELOPMENT_ASSET_PATHS = "\"Mapiful/Preview Content\"";
				DEVELOPMENT_TEAM = 8B8QZZ6VNV;
				ENABLE_PREVIEWS = YES;
				INFOPLIST_FILE = Mapiful/Info.plist;
				IPHONEOS_DEPLOYMENT_TARGET = 14.0;
				LD_RUNPATH_SEARCH_PATHS = (
					"$(inherited)",
					"@executable_path/Frameworks",
				);
				PRODUCT_BUNDLE_IDENTIFIER = software.larson.Mapiful;
				PRODUCT_NAME = "$(TARGET_NAME)";
				SWIFT_VERSION = 5.0;
				TARGETED_DEVICE_FAMILY = "1,2";
			};
			name = Debug;
		};
		D062875A25C0F803007C40C7 /* Release */ = {
			isa = XCBuildConfiguration;
			buildSettings = {
				ASSETCATALOG_COMPILER_APPICON_NAME = AppIcon;
				ASSETCATALOG_COMPILER_GLOBAL_ACCENT_COLOR_NAME = AccentColor;
				CODE_SIGN_STYLE = Automatic;
				DEVELOPMENT_ASSET_PATHS = "\"Mapiful/Preview Content\"";
				DEVELOPMENT_TEAM = 8B8QZZ6VNV;
				ENABLE_PREVIEWS = YES;
				INFOPLIST_FILE = Mapiful/Info.plist;
				IPHONEOS_DEPLOYMENT_TARGET = 14.0;
				LD_RUNPATH_SEARCH_PATHS = (
					"$(inherited)",
					"@executable_path/Frameworks",
				);
				PRODUCT_BUNDLE_IDENTIFIER = software.larson.Mapiful;
				PRODUCT_NAME = "$(TARGET_NAME)";
				SWIFT_VERSION = 5.0;
				TARGETED_DEVICE_FAMILY = "1,2";
			};
			name = Release;
		};
/* End XCBuildConfiguration section */

/* Begin XCConfigurationList section */
		D062874425C0F802007C40C7 /* Build configuration list for PBXProject "Mapiful" */ = {
			isa = XCConfigurationList;
			buildConfigurations = (
				D062875625C0F803007C40C7 /* Debug */,
				D062875725C0F803007C40C7 /* Release */,
			);
			defaultConfigurationIsVisible = 0;
			defaultConfigurationName = Release;
		};
		D062875825C0F803007C40C7 /* Build configuration list for PBXNativeTarget "Mapiful" */ = {
			isa = XCConfigurationList;
			buildConfigurations = (
				D062875925C0F803007C40C7 /* Debug */,
				D062875A25C0F803007C40C7 /* Release */,
			);
			defaultConfigurationIsVisible = 0;
			defaultConfigurationName = Release;
		};
/* End XCConfigurationList section */

/* Begin XCRemoteSwiftPackageReference section */
		D062876025C0F8AA007C40C7 /* XCRemoteSwiftPackageReference "swift-composable-architecture" */ = {
			isa = XCRemoteSwiftPackageReference;
			repositoryURL = "https://github.com/pointfreeco/swift-composable-architecture.git";
			requirement = {
				branch = main;
				kind = branch;
			};
		};
/* End XCRemoteSwiftPackageReference section */

/* Begin XCSwiftPackageProductDependency section */
		D062876125C0F8AA007C40C7 /* ComposableArchitecture */ = {
			isa = XCSwiftPackageProductDependency;
			package = D062876025C0F8AA007C40C7 /* XCRemoteSwiftPackageReference "swift-composable-architecture" */;
			productName = ComposableArchitecture;
		};
/* End XCSwiftPackageProductDependency section */
	};
	rootObject = D062874125C0F802007C40C7 /* Project object */;
}
