// !$*UTF8*$!
{
	archiveVersion = 1;
	classes = {
	};
	objectVersion = 52;
	objects = {

/* Begin PBXBuildFile section */
		D026E55325C8FC8000F0EED9 /* StatefulTabView in Frameworks */ = {isa = PBXBuildFile; productRef = D026E55225C8FC8000F0EED9 /* StatefulTabView */; };
		D03A732025DB0859000146A7 /* Button+.swift in Sources */ = {isa = PBXBuildFile; fileRef = D03A731A25DB0859000146A7 /* Button+.swift */; };
		D03A732225DB0859000146A7 /* TextField+.swift in Sources */ = {isa = PBXBuildFile; fileRef = D03A731C25DB0859000146A7 /* TextField+.swift */; };
		D03A733225DC86FD000146A7 /* ClassicPrintModel.swift in Sources */ = {isa = PBXBuildFile; fileRef = D03A733125DC86FD000146A7 /* ClassicPrintModel.swift */; };
		D03A733A25DD8DAD000146A7 /* PalleteOptionView.swift in Sources */ = {isa = PBXBuildFile; fileRef = D03A733925DD8DAD000146A7 /* PalleteOptionView.swift */; };
		D03A733F25DD8F14000146A7 /* FormatOptionView.swift in Sources */ = {isa = PBXBuildFile; fileRef = D03A733E25DD8F14000146A7 /* FormatOptionView.swift */; };
		D03A734725DD9222000146A7 /* ClassicEditorHeaderSection.swift in Sources */ = {isa = PBXBuildFile; fileRef = D03A734625DD9222000146A7 /* ClassicEditorHeaderSection.swift */; };
		D03A734E25DDA506000146A7 /* RootView.swift in Sources */ = {isa = PBXBuildFile; fileRef = D03A734D25DDA506000146A7 /* RootView.swift */; };
		D042A2C425E33DA4006CDA04 /* ProductCatagoryViewModel.swift in Sources */ = {isa = PBXBuildFile; fileRef = D042A2C325E33DA4006CDA04 /* ProductCatagoryViewModel.swift */; };
		D051A57A25DDAFEF00602E05 /* Scroller.swift in Sources */ = {isa = PBXBuildFile; fileRef = D051A57925DDAFEF00602E05 /* Scroller.swift */; };
		D051A57D25DDB15900602E05 /* ClassicEditorLocationSection.swift in Sources */ = {isa = PBXBuildFile; fileRef = D051A57C25DDB15900602E05 /* ClassicEditorLocationSection.swift */; };
		D051A58225DDB1AE00602E05 /* ClassicEditorFormatSection.swift in Sources */ = {isa = PBXBuildFile; fileRef = D051A58125DDB1AE00602E05 /* ClassicEditorFormatSection.swift */; };
		D051A58725DDB1FB00602E05 /* ClassicEditorLabelSection.swift in Sources */ = {isa = PBXBuildFile; fileRef = D051A58625DDB1FB00602E05 /* ClassicEditorLabelSection.swift */; };
		D051A58A25DDB20A00602E05 /* ClassicEditorPalleteSection.swift in Sources */ = {isa = PBXBuildFile; fileRef = D051A58925DDB20A00602E05 /* ClassicEditorPalleteSection.swift */; };
		D051A58D25DDB22300602E05 /* ClassicEditorSizeSection.swift in Sources */ = {isa = PBXBuildFile; fileRef = D051A58C25DDB22300602E05 /* ClassicEditorSizeSection.swift */; };
		D051A59025DDB23700602E05 /* ClassicEditorOrientationSection.swift in Sources */ = {isa = PBXBuildFile; fileRef = D051A58F25DDB23700602E05 /* ClassicEditorOrientationSection.swift */; };
		D051A59325DDB24E00602E05 /* ClassicEditorFooter.swift in Sources */ = {isa = PBXBuildFile; fileRef = D051A59225DDB24E00602E05 /* ClassicEditorFooter.swift */; };
		D051A59725DDBB9600602E05 /* BookmarkDesignView.swift in Sources */ = {isa = PBXBuildFile; fileRef = D051A59625DDBB9600602E05 /* BookmarkDesignView.swift */; };
		D051A59A25DDBBA600602E05 /* StartCheckoutView.swift in Sources */ = {isa = PBXBuildFile; fileRef = D051A59925DDBBA600602E05 /* StartCheckoutView.swift */; };
		D051A5A025DDC0AC00602E05 /* Grid in Frameworks */ = {isa = PBXBuildFile; productRef = D051A59F25DDC0AC00602E05 /* Grid */; };
		D057CF0B25DEDC120028DDD2 /* AccountView.swift in Sources */ = {isa = PBXBuildFile; fileRef = D057CF0A25DEDC120028DDD2 /* AccountView.swift */; };
		D057CF1125DF3A6C0028DDD2 /* AccountActionSection.swift in Sources */ = {isa = PBXBuildFile; fileRef = D057CF1025DF3A6C0028DDD2 /* AccountActionSection.swift */; };
		D057CF1425DF3A830028DDD2 /* AccountFooterSection.swift in Sources */ = {isa = PBXBuildFile; fileRef = D057CF1325DF3A830028DDD2 /* AccountFooterSection.swift */; };
		D057CF1725DF3BCB0028DDD2 /* AccountActionLinkView.swift in Sources */ = {isa = PBXBuildFile; fileRef = D057CF1625DF3BCB0028DDD2 /* AccountActionLinkView.swift */; };
		D062874D25C0F802007C40C7 /* MapifulApp.swift in Sources */ = {isa = PBXBuildFile; fileRef = D062874C25C0F802007C40C7 /* MapifulApp.swift */; };
		D062875425C0F803007C40C7 /* Preview Assets.xcassets in Resources */ = {isa = PBXBuildFile; fileRef = D062875325C0F803007C40C7 /* Preview Assets.xcassets */; };
		D062876225C0F8AA007C40C7 /* ComposableArchitecture in Frameworks */ = {isa = PBXBuildFile; productRef = D062876125C0F8AA007C40C7 /* ComposableArchitecture */; };
		D062877225C0F992007C40C7 /* AppCore.swift in Sources */ = {isa = PBXBuildFile; fileRef = D062877125C0F992007C40C7 /* AppCore.swift */; };
		D063A28B25DA1F4A0009020E /* Macaw in Frameworks */ = {isa = PBXBuildFile; productRef = D063A28A25DA1F4A0009020E /* Macaw */; };
		D063A29A25DAC1CC0009020E /* StepperView in Frameworks */ = {isa = PBXBuildFile; productRef = D063A29925DAC1CC0009020E /* StepperView */; };
		D063A29E25DAC1E40009020E /* ClassicEditorView.swift in Sources */ = {isa = PBXBuildFile; fileRef = D063A29D25DAC1E40009020E /* ClassicEditorView.swift */; };
		D063A2A125DAC2160009020E /* PrintModel.swift in Sources */ = {isa = PBXBuildFile; fileRef = D063A2A025DAC2160009020E /* PrintModel.swift */; };
		D063A2B725DAC8C70009020E /* ClassicProductView.swift in Sources */ = {isa = PBXBuildFile; fileRef = D063A2B625DAC8C70009020E /* ClassicProductView.swift */; };
		D06524D925C64A1600E84471 /* Color+.swift in Sources */ = {isa = PBXBuildFile; fileRef = D06524D825C64A1600E84471 /* Color+.swift */; };
		D073EEC425D4C662008E0133 /* ActionButton.swift in Sources */ = {isa = PBXBuildFile; fileRef = D073EEC325D4C662008E0133 /* ActionButton.swift */; };
		D073EEC725D4E0A3008E0133 /* View+.swift in Sources */ = {isa = PBXBuildFile; fileRef = D073EEC625D4E0A3008E0133 /* View+.swift */; };
		D07FAE1325DDD4B600F7BE3D /* Assets.xcassets in Resources */ = {isa = PBXBuildFile; fileRef = D07FAE1225DDD4B600F7BE3D /* Assets.xcassets */; };
		D0884B2E25CA1C8A007D588C /* SwiftUIPager in Frameworks */ = {isa = PBXBuildFile; productRef = D0884B2D25CA1C8A007D588C /* SwiftUIPager */; };
		D09BDA9825D238D600A37627 /* Haptica in Frameworks */ = {isa = PBXBuildFile; productRef = D09BDA9725D238D600A37627 /* Haptica */; };
		D0A036A025C78F4000C8925D /* URLImage in Frameworks */ = {isa = PBXBuildFile; productRef = D0A0369F25C78F4000C8925D /* URLImage */; };
		D0D7526F25D0955900AC24E4 /* CatalogView.swift in Sources */ = {isa = PBXBuildFile; fileRef = D0D7526E25D0955900AC24E4 /* CatalogView.swift */; };
/* End PBXBuildFile section */

/* Begin PBXFileReference section */
		D03A731A25DB0859000146A7 /* Button+.swift */ = {isa = PBXFileReference; fileEncoding = 4; lastKnownFileType = sourcecode.swift; path = "Button+.swift"; sourceTree = "<group>"; };
		D03A731C25DB0859000146A7 /* TextField+.swift */ = {isa = PBXFileReference; fileEncoding = 4; lastKnownFileType = sourcecode.swift; path = "TextField+.swift"; sourceTree = "<group>"; };
		D03A733125DC86FD000146A7 /* ClassicPrintModel.swift */ = {isa = PBXFileReference; lastKnownFileType = sourcecode.swift; path = ClassicPrintModel.swift; sourceTree = "<group>"; };
		D03A733525DC8A0A000146A7 /* Conventions.md */ = {isa = PBXFileReference; lastKnownFileType = net.daringfireball.markdown; path = Conventions.md; sourceTree = "<group>"; };
		D03A733925DD8DAD000146A7 /* PalleteOptionView.swift */ = {isa = PBXFileReference; lastKnownFileType = sourcecode.swift; path = PalleteOptionView.swift; sourceTree = "<group>"; };
		D03A733E25DD8F14000146A7 /* FormatOptionView.swift */ = {isa = PBXFileReference; fileEncoding = 4; lastKnownFileType = sourcecode.swift; path = FormatOptionView.swift; sourceTree = "<group>"; };
		D03A734625DD9222000146A7 /* ClassicEditorHeaderSection.swift */ = {isa = PBXFileReference; lastKnownFileType = sourcecode.swift; path = ClassicEditorHeaderSection.swift; sourceTree = "<group>"; };
		D03A734D25DDA506000146A7 /* RootView.swift */ = {isa = PBXFileReference; lastKnownFileType = sourcecode.swift; path = RootView.swift; sourceTree = "<group>"; };
		D042A2C325E33DA4006CDA04 /* ProductCatagoryViewModel.swift */ = {isa = PBXFileReference; lastKnownFileType = sourcecode.swift; path = ProductCatagoryViewModel.swift; sourceTree = "<group>"; };
		D051A57925DDAFEF00602E05 /* Scroller.swift */ = {isa = PBXFileReference; lastKnownFileType = sourcecode.swift; path = Scroller.swift; sourceTree = "<group>"; };
		D051A57C25DDB15900602E05 /* ClassicEditorLocationSection.swift */ = {isa = PBXFileReference; lastKnownFileType = sourcecode.swift; path = ClassicEditorLocationSection.swift; sourceTree = "<group>"; };
		D051A58125DDB1AE00602E05 /* ClassicEditorFormatSection.swift */ = {isa = PBXFileReference; lastKnownFileType = sourcecode.swift; path = ClassicEditorFormatSection.swift; sourceTree = "<group>"; };
		D051A58625DDB1FB00602E05 /* ClassicEditorLabelSection.swift */ = {isa = PBXFileReference; lastKnownFileType = sourcecode.swift; path = ClassicEditorLabelSection.swift; sourceTree = "<group>"; };
		D051A58925DDB20A00602E05 /* ClassicEditorPalleteSection.swift */ = {isa = PBXFileReference; lastKnownFileType = sourcecode.swift; path = ClassicEditorPalleteSection.swift; sourceTree = "<group>"; };
		D051A58C25DDB22300602E05 /* ClassicEditorSizeSection.swift */ = {isa = PBXFileReference; lastKnownFileType = sourcecode.swift; path = ClassicEditorSizeSection.swift; sourceTree = "<group>"; };
		D051A58F25DDB23700602E05 /* ClassicEditorOrientationSection.swift */ = {isa = PBXFileReference; lastKnownFileType = sourcecode.swift; path = ClassicEditorOrientationSection.swift; sourceTree = "<group>"; };
		D051A59225DDB24E00602E05 /* ClassicEditorFooter.swift */ = {isa = PBXFileReference; lastKnownFileType = sourcecode.swift; path = ClassicEditorFooter.swift; sourceTree = "<group>"; };
		D051A59625DDBB9600602E05 /* BookmarkDesignView.swift */ = {isa = PBXFileReference; lastKnownFileType = sourcecode.swift; path = BookmarkDesignView.swift; sourceTree = "<group>"; };
		D051A59925DDBBA600602E05 /* StartCheckoutView.swift */ = {isa = PBXFileReference; lastKnownFileType = sourcecode.swift; path = StartCheckoutView.swift; sourceTree = "<group>"; };
		D057CF0A25DEDC120028DDD2 /* AccountView.swift */ = {isa = PBXFileReference; lastKnownFileType = sourcecode.swift; path = AccountView.swift; sourceTree = "<group>"; };
		D057CF1025DF3A6C0028DDD2 /* AccountActionSection.swift */ = {isa = PBXFileReference; lastKnownFileType = sourcecode.swift; path = AccountActionSection.swift; sourceTree = "<group>"; };
		D057CF1325DF3A830028DDD2 /* AccountFooterSection.swift */ = {isa = PBXFileReference; lastKnownFileType = sourcecode.swift; path = AccountFooterSection.swift; sourceTree = "<group>"; };
		D057CF1625DF3BCB0028DDD2 /* AccountActionLinkView.swift */ = {isa = PBXFileReference; lastKnownFileType = sourcecode.swift; path = AccountActionLinkView.swift; sourceTree = "<group>"; };
		D062874925C0F802007C40C7 /* Mapiful.app */ = {isa = PBXFileReference; explicitFileType = wrapper.application; includeInIndex = 0; path = Mapiful.app; sourceTree = BUILT_PRODUCTS_DIR; };
		D062874C25C0F802007C40C7 /* MapifulApp.swift */ = {isa = PBXFileReference; lastKnownFileType = sourcecode.swift; path = MapifulApp.swift; sourceTree = "<group>"; };
		D062875325C0F803007C40C7 /* Preview Assets.xcassets */ = {isa = PBXFileReference; lastKnownFileType = folder.assetcatalog; path = "Preview Assets.xcassets"; sourceTree = "<group>"; };
		D062875525C0F803007C40C7 /* Info.plist */ = {isa = PBXFileReference; lastKnownFileType = text.plist.xml; path = Info.plist; sourceTree = "<group>"; };
		D062877125C0F992007C40C7 /* AppCore.swift */ = {isa = PBXFileReference; lastKnownFileType = sourcecode.swift; path = AppCore.swift; sourceTree = "<group>"; };
		D062877925C0FE65007C40C7 /* README.md */ = {isa = PBXFileReference; lastKnownFileType = net.daringfireball.markdown; path = README.md; sourceTree = "<group>"; };
		D063A29D25DAC1E40009020E /* ClassicEditorView.swift */ = {isa = PBXFileReference; lastKnownFileType = sourcecode.swift; path = ClassicEditorView.swift; sourceTree = "<group>"; };
		D063A2A025DAC2160009020E /* PrintModel.swift */ = {isa = PBXFileReference; fileEncoding = 4; lastKnownFileType = sourcecode.swift; path = PrintModel.swift; sourceTree = "<group>"; };
		D063A2B625DAC8C70009020E /* ClassicProductView.swift */ = {isa = PBXFileReference; lastKnownFileType = sourcecode.swift; path = ClassicProductView.swift; sourceTree = "<group>"; };
		D06524D825C64A1600E84471 /* Color+.swift */ = {isa = PBXFileReference; lastKnownFileType = sourcecode.swift; path = "Color+.swift"; sourceTree = "<group>"; };
		D073EEC325D4C662008E0133 /* ActionButton.swift */ = {isa = PBXFileReference; lastKnownFileType = sourcecode.swift; path = ActionButton.swift; sourceTree = "<group>"; };
		D073EEC625D4E0A3008E0133 /* View+.swift */ = {isa = PBXFileReference; lastKnownFileType = sourcecode.swift; path = "View+.swift"; sourceTree = "<group>"; };
		D07FAE1225DDD4B600F7BE3D /* Assets.xcassets */ = {isa = PBXFileReference; lastKnownFileType = folder.assetcatalog; name = Assets.xcassets; path = Mapiful/Assets.xcassets; sourceTree = SOURCE_ROOT; };
		D07FAE1525DDD4D800F7BE3D /* Assets.xcassets */ = {isa = PBXFileReference; lastKnownFileType = folder.assetcatalog; path = Assets.xcassets; sourceTree = "<group>"; };
		D0D7526E25D0955900AC24E4 /* CatalogView.swift */ = {isa = PBXFileReference; lastKnownFileType = sourcecode.swift; path = CatalogView.swift; sourceTree = "<group>"; };
/* End PBXFileReference section */

/* Begin PBXFrameworksBuildPhase section */
		D062874625C0F802007C40C7 /* Frameworks */ = {
			isa = PBXFrameworksBuildPhase;
			buildActionMask = 2147483647;
			files = (
				D063A28B25DA1F4A0009020E /* Macaw in Frameworks */,
				D0A036A025C78F4000C8925D /* URLImage in Frameworks */,
				D051A5A025DDC0AC00602E05 /* Grid in Frameworks */,
				D026E55325C8FC8000F0EED9 /* StatefulTabView in Frameworks */,
				D0884B2E25CA1C8A007D588C /* SwiftUIPager in Frameworks */,
				D063A29A25DAC1CC0009020E /* StepperView in Frameworks */,
				D09BDA9825D238D600A37627 /* Haptica in Frameworks */,
				D062876225C0F8AA007C40C7 /* ComposableArchitecture in Frameworks */,
			);
			runOnlyForDeploymentPostprocessing = 0;
		};
/* End PBXFrameworksBuildPhase section */

/* Begin PBXGroup section */
		D03A732825DB0B47000146A7 /* Button */ = {
			isa = PBXGroup;
			children = (
				D03A731A25DB0859000146A7 /* Button+.swift */,
			);
			path = Button;
			sourceTree = "<group>";
		};
		D03A733825DD8D9A000146A7 /* Components */ = {
			isa = PBXGroup;
			children = (
				D073EEC325D4C662008E0133 /* ActionButton.swift */,
				D03A733925DD8DAD000146A7 /* PalleteOptionView.swift */,
				D063A2B625DAC8C70009020E /* ClassicProductView.swift */,
				D051A59625DDBB9600602E05 /* BookmarkDesignView.swift */,
				D051A59925DDBBA600602E05 /* StartCheckoutView.swift */,
				D03A733E25DD8F14000146A7 /* FormatOptionView.swift */,
			);
			path = Components;
			sourceTree = "<group>";
		};
		D03A734525DD9208000146A7 /* Sections */ = {
			isa = PBXGroup;
			children = (
				D03A734625DD9222000146A7 /* ClassicEditorHeaderSection.swift */,
				D051A57C25DDB15900602E05 /* ClassicEditorLocationSection.swift */,
				D051A58125DDB1AE00602E05 /* ClassicEditorFormatSection.swift */,
				D051A58625DDB1FB00602E05 /* ClassicEditorLabelSection.swift */,
				D051A58925DDB20A00602E05 /* ClassicEditorPalleteSection.swift */,
				D051A58C25DDB22300602E05 /* ClassicEditorSizeSection.swift */,
				D051A58F25DDB23700602E05 /* ClassicEditorOrientationSection.swift */,
				D051A59225DDB24E00602E05 /* ClassicEditorFooter.swift */,
			);
			path = Sections;
			sourceTree = "<group>";
		};
		D057CF0925DEDBFC0028DDD2 /* Profile */ = {
			isa = PBXGroup;
			children = (
				D057CF0A25DEDC120028DDD2 /* AccountView.swift */,
				D057CF0F25DF3A340028DDD2 /* Sections */,
				D057CF0E25DF3A140028DDD2 /* Components */,
			);
			path = Profile;
			sourceTree = "<group>";
		};
		D057CF0E25DF3A140028DDD2 /* Components */ = {
			isa = PBXGroup;
			children = (
				D057CF1625DF3BCB0028DDD2 /* AccountActionLinkView.swift */,
			);
			path = Components;
			sourceTree = "<group>";
		};
		D057CF0F25DF3A340028DDD2 /* Sections */ = {
			isa = PBXGroup;
			children = (
				D057CF1025DF3A6C0028DDD2 /* AccountActionSection.swift */,
				D057CF1325DF3A830028DDD2 /* AccountFooterSection.swift */,
			);
			path = Sections;
			sourceTree = "<group>";
		};
		D062874025C0F802007C40C7 = {
			isa = PBXGroup;
			children = (
				D062877925C0FE65007C40C7 /* README.md */,
				D062874B25C0F802007C40C7 /* Mapiful */,
				D062874A25C0F802007C40C7 /* Products */,
			);
			sourceTree = "<group>";
		};
		D062874A25C0F802007C40C7 /* Products */ = {
			isa = PBXGroup;
			children = (
				D062874925C0F802007C40C7 /* Mapiful.app */,
			);
			name = Products;
			sourceTree = "<group>";
		};
		D062874B25C0F802007C40C7 /* Mapiful */ = {
			isa = PBXGroup;
			children = (
				D062874C25C0F802007C40C7 /* MapifulApp.swift */,
				D062875525C0F803007C40C7 /* Info.plist */,
				D063A2A325DAC2220009020E /* Model */,
				D062875D25C0F839007C40C7 /* Core */,
				D062875C25C0F820007C40C7 /* Views */,
				D07FAE1525DDD4D800F7BE3D /* Assets.xcassets */,
				D062875225C0F803007C40C7 /* Preview Content */,
			);
			path = Mapiful;
			sourceTree = "<group>";
		};
		D062875225C0F803007C40C7 /* Preview Content */ = {
			isa = PBXGroup;
			children = (
				D062875325C0F803007C40C7 /* Preview Assets.xcassets */,
			);
			path = "Preview Content";
			sourceTree = "<group>";
		};
		D062875C25C0F820007C40C7 /* Views */ = {
			isa = PBXGroup;
			children = (
				D07FAE1225DDD4B600F7BE3D /* Assets.xcassets */,
				D03A733525DC8A0A000146A7 /* Conventions.md */,
				D03A734D25DDA506000146A7 /* RootView.swift */,
				D06524D425C649E300E84471 /* Shop */,
				D057CF0925DEDBFC0028DDD2 /* Profile */,
				D062876525C0F8E2007C40C7 /* Core */,
			);
			path = Views;
			sourceTree = "<group>";
		};
		D062875D25C0F839007C40C7 /* Core */ = {
			isa = PBXGroup;
			children = (
				D062877125C0F992007C40C7 /* AppCore.swift */,
			);
			path = Core;
			sourceTree = "<group>";
		};
		D062876525C0F8E2007C40C7 /* Core */ = {
			isa = PBXGroup;
			children = (
				D03A732825DB0B47000146A7 /* Button */,
				D06524D825C64A1600E84471 /* Color+.swift */,
				D073EEC625D4E0A3008E0133 /* View+.swift */,
				D051A57925DDAFEF00602E05 /* Scroller.swift */,
				D03A731C25DB0859000146A7 /* TextField+.swift */,
			);
			path = Core;
			sourceTree = "<group>";
		};
		D063A29C25DAC1D50009020E /* Classic Mapiful */ = {
			isa = PBXGroup;
			children = (
				D063A29D25DAC1E40009020E /* ClassicEditorView.swift */,
				D03A734525DD9208000146A7 /* Sections */,
				D03A733825DD8D9A000146A7 /* Components */,
			);
			path = "Classic Mapiful";
			sourceTree = "<group>";
		};
		D063A2A325DAC2220009020E /* Model */ = {
			isa = PBXGroup;
			children = (
				D063A2A025DAC2160009020E /* PrintModel.swift */,
				D03A733125DC86FD000146A7 /* ClassicPrintModel.swift */,
			);
			path = Model;
			sourceTree = "<group>";
		};
		D06524D425C649E300E84471 /* Shop */ = {
			isa = PBXGroup;
			children = (
				D0D7526E25D0955900AC24E4 /* CatalogView.swift */,
				D042A2C325E33DA4006CDA04 /* ProductCatagoryViewModel.swift */,
				D063A29C25DAC1D50009020E /* Classic Mapiful */,
			);
			path = Shop;
			sourceTree = "<group>";
		};
/* End PBXGroup section */

/* Begin PBXNativeTarget section */
		D062874825C0F802007C40C7 /* Mapiful */ = {
			isa = PBXNativeTarget;
			buildConfigurationList = D062875825C0F803007C40C7 /* Build configuration list for PBXNativeTarget "Mapiful" */;
			buildPhases = (
				D062874525C0F802007C40C7 /* Sources */,
				D062874625C0F802007C40C7 /* Frameworks */,
				D062874725C0F802007C40C7 /* Resources */,
			);
			buildRules = (
			);
			dependencies = (
			);
			name = Mapiful;
			packageProductDependencies = (
				D062876125C0F8AA007C40C7 /* ComposableArchitecture */,
				D0A0369F25C78F4000C8925D /* URLImage */,
				D026E55225C8FC8000F0EED9 /* StatefulTabView */,
				D0884B2D25CA1C8A007D588C /* SwiftUIPager */,
				D09BDA9725D238D600A37627 /* Haptica */,
				D063A28A25DA1F4A0009020E /* Macaw */,
				D063A29925DAC1CC0009020E /* StepperView */,
				D051A59F25DDC0AC00602E05 /* Grid */,
			);
			productName = Mapiful;
			productReference = D062874925C0F802007C40C7 /* Mapiful.app */;
			productType = "com.apple.product-type.application";
		};
/* End PBXNativeTarget section */

/* Begin PBXProject section */
		D062874125C0F802007C40C7 /* Project object */ = {
			isa = PBXProject;
			attributes = {
				LastSwiftUpdateCheck = 1230;
				LastUpgradeCheck = 1230;
				TargetAttributes = {
					D062874825C0F802007C40C7 = {
						CreatedOnToolsVersion = 12.3;
					};
				};
			};
			buildConfigurationList = D062874425C0F802007C40C7 /* Build configuration list for PBXProject "Mapiful" */;
			compatibilityVersion = "Xcode 9.3";
			developmentRegion = en;
			hasScannedForEncodings = 0;
			knownRegions = (
				en,
				Base,
			);
			mainGroup = D062874025C0F802007C40C7;
			packageReferences = (
				D062876025C0F8AA007C40C7 /* XCRemoteSwiftPackageReference "swift-composable-architecture" */,
				D0A0369E25C78F4000C8925D /* XCRemoteSwiftPackageReference "url-image" */,
				D026E55125C8FC8000F0EED9 /* XCRemoteSwiftPackageReference "StatefulTabView" */,
				D0884B2C25CA1C8A007D588C /* XCRemoteSwiftPackageReference "SwiftUIPager" */,
				D09BDA9625D238D600A37627 /* XCRemoteSwiftPackageReference "Haptica" */,
				D063A28925DA1F4A0009020E /* XCRemoteSwiftPackageReference "Macaw" */,
				D063A29825DAC1CC0009020E /* XCRemoteSwiftPackageReference "StepperView" */,
				D051A59E25DDC0AC00602E05 /* XCRemoteSwiftPackageReference "swiftui-grid" */,
			);
			productRefGroup = D062874A25C0F802007C40C7 /* Products */;
			projectDirPath = "";
			projectRoot = "";
			targets = (
				D062874825C0F802007C40C7 /* Mapiful */,
			);
		};
/* End PBXProject section */

/* Begin PBXResourcesBuildPhase section */
		D062874725C0F802007C40C7 /* Resources */ = {
			isa = PBXResourcesBuildPhase;
			buildActionMask = 2147483647;
			files = (
				D062875425C0F803007C40C7 /* Preview Assets.xcassets in Resources */,
				D07FAE1325DDD4B600F7BE3D /* Assets.xcassets in Resources */,
			);
			runOnlyForDeploymentPostprocessing = 0;
		};
/* End PBXResourcesBuildPhase section */

/* Begin PBXSourcesBuildPhase section */
		D062874525C0F802007C40C7 /* Sources */ = {
			isa = PBXSourcesBuildPhase;
			buildActionMask = 2147483647;
			files = (
				D062874D25C0F802007C40C7 /* MapifulApp.swift in Sources */,
				D051A58A25DDB20A00602E05 /* ClassicEditorPalleteSection.swift in Sources */,
				D051A59025DDB23700602E05 /* ClassicEditorOrientationSection.swift in Sources */,
				D03A732225DB0859000146A7 /* TextField+.swift in Sources */,
				D0D7526F25D0955900AC24E4 /* CatalogView.swift in Sources */,
				D03A733A25DD8DAD000146A7 /* PalleteOptionView.swift in Sources */,
				D057CF0B25DEDC120028DDD2 /* AccountView.swift in Sources */,
				D06524D925C64A1600E84471 /* Color+.swift in Sources */,
				D057CF1425DF3A830028DDD2 /* AccountFooterSection.swift in Sources */,
				D073EEC725D4E0A3008E0133 /* View+.swift in Sources */,
				D051A59A25DDBBA600602E05 /* StartCheckoutView.swift in Sources */,
				D03A733F25DD8F14000146A7 /* FormatOptionView.swift in Sources */,
				D063A2B725DAC8C70009020E /* ClassicProductView.swift in Sources */,
				D03A733225DC86FD000146A7 /* ClassicPrintModel.swift in Sources */,
				D03A732025DB0859000146A7 /* Button+.swift in Sources */,
				D03A734725DD9222000146A7 /* ClassicEditorHeaderSection.swift in Sources */,
				D062877225C0F992007C40C7 /* AppCore.swift in Sources */,
				D051A58D25DDB22300602E05 /* ClassicEditorSizeSection.swift in Sources */,
				D057CF1125DF3A6C0028DDD2 /* AccountActionSection.swift in Sources */,
				D042A2C425E33DA4006CDA04 /* ProductCatagoryViewModel.swift in Sources */,
				D03A734E25DDA506000146A7 /* RootView.swift in Sources */,
				D063A29E25DAC1E40009020E /* ClassicEditorView.swift in Sources */,
				D051A57A25DDAFEF00602E05 /* Scroller.swift in Sources */,
				D057CF1725DF3BCB0028DDD2 /* AccountActionLinkView.swift in Sources */,
				D051A58225DDB1AE00602E05 /* ClassicEditorFormatSection.swift in Sources */,
				D051A58725DDB1FB00602E05 /* ClassicEditorLabelSection.swift in Sources */,
				D051A57D25DDB15900602E05 /* ClassicEditorLocationSection.swift in Sources */,
				D051A59725DDBB9600602E05 /* BookmarkDesignView.swift in Sources */,
				D063A2A125DAC2160009020E /* PrintModel.swift in Sources */,
				D051A59325DDB24E00602E05 /* ClassicEditorFooter.swift in Sources */,
				D073EEC425D4C662008E0133 /* ActionButton.swift in Sources */,
			);
			runOnlyForDeploymentPostprocessing = 0;
		};
/* End PBXSourcesBuildPhase section */

/* Begin XCBuildConfiguration section */
		D062875625C0F803007C40C7 /* Debug */ = {
			isa = XCBuildConfiguration;
			buildSettings = {
				ALWAYS_SEARCH_USER_PATHS = NO;
				CLANG_ANALYZER_NONNULL = YES;
				CLANG_ANALYZER_NUMBER_OBJECT_CONVERSION = YES_AGGRESSIVE;
				CLANG_CXX_LANGUAGE_STANDARD = "gnu++14";
				CLANG_CXX_LIBRARY = "libc++";
				CLANG_ENABLE_MODULES = YES;
				CLANG_ENABLE_OBJC_ARC = YES;
				CLANG_ENABLE_OBJC_WEAK = YES;
				CLANG_WARN_BLOCK_CAPTURE_AUTORELEASING = YES;
				CLANG_WARN_BOOL_CONVERSION = YES;
				CLANG_WARN_COMMA = YES;
				CLANG_WARN_CONSTANT_CONVERSION = YES;
				CLANG_WARN_DEPRECATED_OBJC_IMPLEMENTATIONS = YES;
				CLANG_WARN_DIRECT_OBJC_ISA_USAGE = YES_ERROR;
				CLANG_WARN_DOCUMENTATION_COMMENTS = YES;
				CLANG_WARN_EMPTY_BODY = YES;
				CLANG_WARN_ENUM_CONVERSION = YES;
				CLANG_WARN_INFINITE_RECURSION = YES;
				CLANG_WARN_INT_CONVERSION = YES;
				CLANG_WARN_NON_LITERAL_NULL_CONVERSION = YES;
				CLANG_WARN_OBJC_IMPLICIT_RETAIN_SELF = YES;
				CLANG_WARN_OBJC_LITERAL_CONVERSION = YES;
				CLANG_WARN_OBJC_ROOT_CLASS = YES_ERROR;
				CLANG_WARN_QUOTED_INCLUDE_IN_FRAMEWORK_HEADER = YES;
				CLANG_WARN_RANGE_LOOP_ANALYSIS = YES;
				CLANG_WARN_STRICT_PROTOTYPES = YES;
				CLANG_WARN_SUSPICIOUS_MOVE = YES;
				CLANG_WARN_UNGUARDED_AVAILABILITY = YES_AGGRESSIVE;
				CLANG_WARN_UNREACHABLE_CODE = YES;
				CLANG_WARN__DUPLICATE_METHOD_MATCH = YES;
				COPY_PHASE_STRIP = NO;
				DEBUG_INFORMATION_FORMAT = dwarf;
				ENABLE_STRICT_OBJC_MSGSEND = YES;
				ENABLE_TESTABILITY = YES;
				GCC_C_LANGUAGE_STANDARD = gnu11;
				GCC_DYNAMIC_NO_PIC = NO;
				GCC_NO_COMMON_BLOCKS = YES;
				GCC_OPTIMIZATION_LEVEL = 0;
				GCC_PREPROCESSOR_DEFINITIONS = (
					"DEBUG=1",
					"$(inherited)",
				);
				GCC_WARN_64_TO_32_BIT_CONVERSION = YES;
				GCC_WARN_ABOUT_RETURN_TYPE = YES_ERROR;
				GCC_WARN_UNDECLARED_SELECTOR = YES;
				GCC_WARN_UNINITIALIZED_AUTOS = YES_AGGRESSIVE;
				GCC_WARN_UNUSED_FUNCTION = YES;
				GCC_WARN_UNUSED_VARIABLE = YES;
				IPHONEOS_DEPLOYMENT_TARGET = 14.3;
				MTL_ENABLE_DEBUG_INFO = INCLUDE_SOURCE;
				MTL_FAST_MATH = YES;
				ONLY_ACTIVE_ARCH = YES;
				SDKROOT = iphoneos;
				SWIFT_ACTIVE_COMPILATION_CONDITIONS = DEBUG;
				SWIFT_OPTIMIZATION_LEVEL = "-Onone";
			};
			name = Debug;
		};
		D062875725C0F803007C40C7 /* Release */ = {
			isa = XCBuildConfiguration;
			buildSettings = {
				ALWAYS_SEARCH_USER_PATHS = NO;
				CLANG_ANALYZER_NONNULL = YES;
				CLANG_ANALYZER_NUMBER_OBJECT_CONVERSION = YES_AGGRESSIVE;
				CLANG_CXX_LANGUAGE_STANDARD = "gnu++14";
				CLANG_CXX_LIBRARY = "libc++";
				CLANG_ENABLE_MODULES = YES;
				CLANG_ENABLE_OBJC_ARC = YES;
				CLANG_ENABLE_OBJC_WEAK = YES;
				CLANG_WARN_BLOCK_CAPTURE_AUTORELEASING = YES;
				CLANG_WARN_BOOL_CONVERSION = YES;
				CLANG_WARN_COMMA = YES;
				CLANG_WARN_CONSTANT_CONVERSION = YES;
				CLANG_WARN_DEPRECATED_OBJC_IMPLEMENTATIONS = YES;
				CLANG_WARN_DIRECT_OBJC_ISA_USAGE = YES_ERROR;
				CLANG_WARN_DOCUMENTATION_COMMENTS = YES;
				CLANG_WARN_EMPTY_BODY = YES;
				CLANG_WARN_ENUM_CONVERSION = YES;
				CLANG_WARN_INFINITE_RECURSION = YES;
				CLANG_WARN_INT_CONVERSION = YES;
				CLANG_WARN_NON_LITERAL_NULL_CONVERSION = YES;
				CLANG_WARN_OBJC_IMPLICIT_RETAIN_SELF = YES;
				CLANG_WARN_OBJC_LITERAL_CONVERSION = YES;
				CLANG_WARN_OBJC_ROOT_CLASS = YES_ERROR;
				CLANG_WARN_QUOTED_INCLUDE_IN_FRAMEWORK_HEADER = YES;
				CLANG_WARN_RANGE_LOOP_ANALYSIS = YES;
				CLANG_WARN_STRICT_PROTOTYPES = YES;
				CLANG_WARN_SUSPICIOUS_MOVE = YES;
				CLANG_WARN_UNGUARDED_AVAILABILITY = YES_AGGRESSIVE;
				CLANG_WARN_UNREACHABLE_CODE = YES;
				CLANG_WARN__DUPLICATE_METHOD_MATCH = YES;
				COPY_PHASE_STRIP = NO;
				DEBUG_INFORMATION_FORMAT = "dwarf-with-dsym";
				ENABLE_NS_ASSERTIONS = NO;
				ENABLE_STRICT_OBJC_MSGSEND = YES;
				GCC_C_LANGUAGE_STANDARD = gnu11;
				GCC_NO_COMMON_BLOCKS = YES;
				GCC_WARN_64_TO_32_BIT_CONVERSION = YES;
				GCC_WARN_ABOUT_RETURN_TYPE = YES_ERROR;
				GCC_WARN_UNDECLARED_SELECTOR = YES;
				GCC_WARN_UNINITIALIZED_AUTOS = YES_AGGRESSIVE;
				GCC_WARN_UNUSED_FUNCTION = YES;
				GCC_WARN_UNUSED_VARIABLE = YES;
				IPHONEOS_DEPLOYMENT_TARGET = 14.3;
				MTL_ENABLE_DEBUG_INFO = NO;
				MTL_FAST_MATH = YES;
				SDKROOT = iphoneos;
				SWIFT_COMPILATION_MODE = wholemodule;
				SWIFT_OPTIMIZATION_LEVEL = "-O";
				VALIDATE_PRODUCT = YES;
			};
			name = Release;
		};
		D062875925C0F803007C40C7 /* Debug */ = {
			isa = XCBuildConfiguration;
			buildSettings = {
				ASSETCATALOG_COMPILER_APPICON_NAME = AppIcon;
				ASSETCATALOG_COMPILER_GLOBAL_ACCENT_COLOR_NAME = AccentColor;
				CODE_SIGN_STYLE = Automatic;
				DEVELOPMENT_ASSET_PATHS = "\"Mapiful/Preview Content\"";
				DEVELOPMENT_TEAM = 8B8QZZ6VNV;
				ENABLE_PREVIEWS = YES;
				INFOPLIST_FILE = Mapiful/Info.plist;
				IPHONEOS_DEPLOYMENT_TARGET = 14.4;
				LD_RUNPATH_SEARCH_PATHS = (
					"$(inherited)",
					"@executable_path/Frameworks",
				);
				MARKETING_VERSION = 0.2;
				PRODUCT_BUNDLE_IDENTIFIER = software.larson.Mapiful;
				PRODUCT_NAME = "$(TARGET_NAME)";
				SWIFT_VERSION = 5.0;
				TARGETED_DEVICE_FAMILY = "1,2";
			};
			name = Debug;
		};
		D062875A25C0F803007C40C7 /* Release */ = {
			isa = XCBuildConfiguration;
			buildSettings = {
				ASSETCATALOG_COMPILER_APPICON_NAME = AppIcon;
				ASSETCATALOG_COMPILER_GLOBAL_ACCENT_COLOR_NAME = AccentColor;
				CODE_SIGN_STYLE = Automatic;
				DEVELOPMENT_ASSET_PATHS = "\"Mapiful/Preview Content\"";
				DEVELOPMENT_TEAM = 8B8QZZ6VNV;
				ENABLE_PREVIEWS = YES;
				INFOPLIST_FILE = Mapiful/Info.plist;
				IPHONEOS_DEPLOYMENT_TARGET = 14.4;
				LD_RUNPATH_SEARCH_PATHS = (
					"$(inherited)",
					"@executable_path/Frameworks",
				);
				MARKETING_VERSION = 0.2;
				PRODUCT_BUNDLE_IDENTIFIER = software.larson.Mapiful;
				PRODUCT_NAME = "$(TARGET_NAME)";
				SWIFT_VERSION = 5.0;
				TARGETED_DEVICE_FAMILY = "1,2";
			};
			name = Release;
		};
/* End XCBuildConfiguration section */

/* Begin XCConfigurationList section */
		D062874425C0F802007C40C7 /* Build configuration list for PBXProject "Mapiful" */ = {
			isa = XCConfigurationList;
			buildConfigurations = (
				D062875625C0F803007C40C7 /* Debug */,
				D062875725C0F803007C40C7 /* Release */,
			);
			defaultConfigurationIsVisible = 0;
			defaultConfigurationName = Release;
		};
		D062875825C0F803007C40C7 /* Build configuration list for PBXNativeTarget "Mapiful" */ = {
			isa = XCConfigurationList;
			buildConfigurations = (
				D062875925C0F803007C40C7 /* Debug */,
				D062875A25C0F803007C40C7 /* Release */,
			);
			defaultConfigurationIsVisible = 0;
			defaultConfigurationName = Release;
		};
/* End XCConfigurationList section */

/* Begin XCRemoteSwiftPackageReference section */
		D026E55125C8FC8000F0EED9 /* XCRemoteSwiftPackageReference "StatefulTabView" */ = {
			isa = XCRemoteSwiftPackageReference;
			repositoryURL = "https://github.com/p-larson/StatefulTabView";
			requirement = {
				branch = master;
				kind = branch;
			};
		};
		D051A59E25DDC0AC00602E05 /* XCRemoteSwiftPackageReference "swiftui-grid" */ = {
			isa = XCRemoteSwiftPackageReference;
			repositoryURL = "https://github.com/spacenation/swiftui-grid";
			requirement = {
				kind = upToNextMajorVersion;
				minimumVersion = 1.1.0;
			};
		};
		D062876025C0F8AA007C40C7 /* XCRemoteSwiftPackageReference "swift-composable-architecture" */ = {
			isa = XCRemoteSwiftPackageReference;
			repositoryURL = "https://github.com/pointfreeco/swift-composable-architecture.git";
			requirement = {
				branch = main;
				kind = branch;
			};
		};
		D063A28925DA1F4A0009020E /* XCRemoteSwiftPackageReference "Macaw" */ = {
			isa = XCRemoteSwiftPackageReference;
			repositoryURL = "https://github.com/exyte/Macaw";
			requirement = {
				kind = upToNextMajorVersion;
				minimumVersion = 0.9.7;
			};
		};
		D063A29825DAC1CC0009020E /* XCRemoteSwiftPackageReference "StepperView" */ = {
			isa = XCRemoteSwiftPackageReference;
			repositoryURL = "https://github.com/badrinathvm/StepperView";
			requirement = {
				kind = upToNextMajorVersion;
				minimumVersion = 1.5.5;
			};
		};
		D0884B2C25CA1C8A007D588C /* XCRemoteSwiftPackageReference "SwiftUIPager" */ = {
			isa = XCRemoteSwiftPackageReference;
			repositoryURL = "https://github.com/fermoya/SwiftUIPager.git";
			requirement = {
				kind = upToNextMajorVersion;
				minimumVersion = 2.0.0;
			};
		};
		D09BDA9625D238D600A37627 /* XCRemoteSwiftPackageReference "Haptica" */ = {
			isa = XCRemoteSwiftPackageReference;
			repositoryURL = "https://github.com/efremidze/Haptica.git";
			requirement = {
				kind = upToNextMajorVersion;
				minimumVersion = 3.0.2;
			};
		};
		D0A0369E25C78F4000C8925D /* XCRemoteSwiftPackageReference "url-image" */ = {
			isa = XCRemoteSwiftPackageReference;
			repositoryURL = "https://github.com/dmytro-anokhin/url-image";
			requirement = {
				kind = upToNextMajorVersion;
				minimumVersion = 2.2.3;
			};
		};
/* End XCRemoteSwiftPackageReference section */

/* Begin XCSwiftPackageProductDependency section */
		D026E55225C8FC8000F0EED9 /* StatefulTabView */ = {
			isa = XCSwiftPackageProductDependency;
			package = D026E55125C8FC8000F0EED9 /* XCRemoteSwiftPackageReference "StatefulTabView" */;
			productName = StatefulTabView;
		};
		D051A59F25DDC0AC00602E05 /* Grid */ = {
			isa = XCSwiftPackageProductDependency;
			package = D051A59E25DDC0AC00602E05 /* XCRemoteSwiftPackageReference "swiftui-grid" */;
			productName = Grid;
		};
		D062876125C0F8AA007C40C7 /* ComposableArchitecture */ = {
			isa = XCSwiftPackageProductDependency;
			package = D062876025C0F8AA007C40C7 /* XCRemoteSwiftPackageReference "swift-composable-architecture" */;
			productName = ComposableArchitecture;
		};
		D063A28A25DA1F4A0009020E /* Macaw */ = {
			isa = XCSwiftPackageProductDependency;
			package = D063A28925DA1F4A0009020E /* XCRemoteSwiftPackageReference "Macaw" */;
			productName = Macaw;
		};
		D063A29925DAC1CC0009020E /* StepperView */ = {
			isa = XCSwiftPackageProductDependency;
			package = D063A29825DAC1CC0009020E /* XCRemoteSwiftPackageReference "StepperView" */;
			productName = StepperView;
		};
		D0884B2D25CA1C8A007D588C /* SwiftUIPager */ = {
			isa = XCSwiftPackageProductDependency;
			package = D0884B2C25CA1C8A007D588C /* XCRemoteSwiftPackageReference "SwiftUIPager" */;
			productName = SwiftUIPager;
		};
		D09BDA9725D238D600A37627 /* Haptica */ = {
			isa = XCSwiftPackageProductDependency;
			package = D09BDA9625D238D600A37627 /* XCRemoteSwiftPackageReference "Haptica" */;
			productName = Haptica;
		};
		D0A0369F25C78F4000C8925D /* URLImage */ = {
			isa = XCSwiftPackageProductDependency;
			package = D0A0369E25C78F4000C8925D /* XCRemoteSwiftPackageReference "url-image" */;
			productName = URLImage;
		};
/* End XCSwiftPackageProductDependency section */
	};
	rootObject = D062874125C0F802007C40C7 /* Project object */;
}
